
Microsoft Visual Studio Solution File, Format Version 12.00
# Visual Studio Version 17
VisualStudioVersion = 17.9.34728.123
MinimumVisualStudioVersion = 10.0.40219.1
Project("{FAE04EC0-301F-11D3-BF4B-00C04F79EFBC}") = "LetTalk", "LetTalk\LetTalk\LetTalk.csproj", "{9193F82A-7873-46AC-87B1-C413E6BB840C}"
EndProject
Project("{FAE04EC0-301F-11D3-BF4B-00C04F79EFBC}") = "LetTalk.Client", "LetTalk\LetTalk.Client\LetTalk.Client.csproj", "{35D0E6CF-630B-4473-AEAA-24FF89415640}"
EndProject
Project("{2150E333-8FDC-42A3-9474-1A3956D46DE8}") = "SolutionItems", "SolutionItems", "{0B0E4C1A-D6B3-4B76-8432-DF3820DAB28F}"
EndProject
Project("{2150E333-8FDC-42A3-9474-1A3956D46DE8}") = "Example", "Example", "{67D30BB8-0A4C-4B7D-9A8A-AB5802C30246}"
	ProjectSection(SolutionItems) = preProject
		Example\index.html = Example\index.html
	EndProjectSection
EndProject
Global
	GlobalSection(SolutionConfigurationPlatforms) = preSolution
		Debug|Any CPU = Debug|Any CPU
		Release|Any CPU = Release|Any CPU
	EndGlobalSection
	GlobalSection(ProjectConfigurationPlatforms) = postSolution
		{9193F82A-7873-46AC-87B1-C413E6BB840C}.Debug|Any CPU.ActiveCfg = Debug|Any CPU
		{9193F82A-7873-46AC-87B1-C413E6BB840C}.Debug|Any CPU.Build.0 = Debug|Any CPU
		{9193F82A-7873-46AC-87B1-C413E6BB840C}.Release|Any CPU.ActiveCfg = Release|Any CPU
		{9193F82A-7873-46AC-87B1-C413E6BB840C}.Release|Any CPU.Build.0 = Release|Any CPU
		{35D0E6CF-630B-4473-AEAA-24FF89415640}.Debug|Any CPU.ActiveCfg = Debug|Any CPU
		{35D0E6CF-630B-4473-AEAA-24FF89415640}.Debug|Any CPU.Build.0 = Debug|Any CPU
		{35D0E6CF-630B-4473-AEAA-24FF89415640}.Release|Any CPU.ActiveCfg = Release|Any CPU
		{35D0E6CF-630B-4473-AEAA-24FF89415640}.Release|Any CPU.Build.0 = Release|Any CPU
	EndGlobalSection
	GlobalSection(SolutionProperties) = preSolution
		HideSolutionNode = FALSE
	EndGlobalSection
	GlobalSection(NestedProjects) = preSolution
		{67D30BB8-0A4C-4B7D-9A8A-AB5802C30246} = {0B0E4C1A-D6B3-4B76-8432-DF3820DAB28F}
	EndGlobalSection
	GlobalSection(ExtensibilityGlobals) = postSolution
		SolutionGuid = {99FCC6DC-84E3-4164-B93F-10C9FEEFFCC8}
	EndGlobalSection
EndGlobal
